// !$*UTF8*$!
{
	archiveVersion = 1;
	classes = {
	};
	objectVersion = 56;
	objects = {

/* Begin PBXBuildFile section */
		DD2AE1E429B51E8D00928E6D /* Quote+Extensions.swift in Sources */ = {isa = PBXBuildFile; fileRef = DD2AE1E329B51E8D00928E6D /* Quote+Extensions.swift */; };
		DD369F2129A827CB00A96462 /* StocksApp.swift in Sources */ = {isa = PBXBuildFile; fileRef = DD369F2029A827CB00A96462 /* StocksApp.swift */; };
		DD369F2329A827CB00A96462 /* MainListView.swift in Sources */ = {isa = PBXBuildFile; fileRef = DD369F2229A827CB00A96462 /* MainListView.swift */; };
		DD369F2529A827CD00A96462 /* Assets.xcassets in Resources */ = {isa = PBXBuildFile; fileRef = DD369F2429A827CD00A96462 /* Assets.xcassets */; };
		DD369F2829A827CD00A96462 /* Preview Assets.xcassets in Resources */ = {isa = PBXBuildFile; fileRef = DD369F2729A827CD00A96462 /* Preview Assets.xcassets */; };
		DD37406129AD64620063CF72 /* TickerListRowView.swift in Sources */ = {isa = PBXBuildFile; fileRef = DD37406029AD64620063CF72 /* TickerListRowView.swift */; };
		DD43503F29AC1BB400198EE9 /* TickerListRowData.swift in Sources */ = {isa = PBXBuildFile; fileRef = DD43503E29AC1BB400198EE9 /* TickerListRowData.swift */; };
		DD5AF1E329A8319E002A62D4 /* StocksAPI in Frameworks */ = {isa = PBXBuildFile; productRef = DD5AF1E229A8319E002A62D4 /* StocksAPI */; };
		DDAAB63829BD09EB00AD8539 /* FetchPhase.swift in Sources */ = {isa = PBXBuildFile; fileRef = DDAAB63729BD09EB00AD8539 /* FetchPhase.swift */; };
		DDAAB63A29BD1F5D00AD8539 /* SearchViewModel.swift in Sources */ = {isa = PBXBuildFile; fileRef = DDAAB63929BD1F5D00AD8539 /* SearchViewModel.swift */; };
		DDAAB63C29BD253500AD8539 /* SearchView.swift in Sources */ = {isa = PBXBuildFile; fileRef = DDAAB63B29BD253500AD8539 /* SearchView.swift */; };
		DDDD16C829B3E97C00A4E405 /* EmpyStateView.swift in Sources */ = {isa = PBXBuildFile; fileRef = DDDD16C729B3E97C00A4E405 /* EmpyStateView.swift */; };
		DDDD16CA29B3ED7700A4E405 /* ErrorStateView.swift in Sources */ = {isa = PBXBuildFile; fileRef = DDDD16C929B3ED7700A4E405 /* ErrorStateView.swift */; };
		DDDD16CC29B3F0EF00A4E405 /* LoadingStateView.swift in Sources */ = {isa = PBXBuildFile; fileRef = DDDD16CB29B3F0EF00A4E405 /* LoadingStateView.swift */; };
		DDDD16CF29B3F99400A4E405 /* AppViewModel.swift in Sources */ = {isa = PBXBuildFile; fileRef = DDDD16CE29B3F99400A4E405 /* AppViewModel.swift */; };
		DDDD16D229B3FAC800A4E405 /* Stubs.swift in Sources */ = {isa = PBXBuildFile; fileRef = DDDD16D129B3FAC800A4E405 /* Stubs.swift */; };
		DDDD16D429B3FE2E00A4E405 /* QuotesViewModel.swift in Sources */ = {isa = PBXBuildFile; fileRef = DDDD16D329B3FE2E00A4E405 /* QuotesViewModel.swift */; };
		DDDD16D629B4023000A4E405 /* Utils.swift in Sources */ = {isa = PBXBuildFile; fileRef = DDDD16D529B4023000A4E405 /* Utils.swift */; };
/* End PBXBuildFile section */

/* Begin PBXFileReference section */
		DD2AE1E329B51E8D00928E6D /* Quote+Extensions.swift */ = {isa = PBXFileReference; lastKnownFileType = sourcecode.swift; path = "Quote+Extensions.swift"; sourceTree = "<group>"; };
		DD369F1D29A827CB00A96462 /* Stocks.app */ = {isa = PBXFileReference; explicitFileType = wrapper.application; includeInIndex = 0; path = Stocks.app; sourceTree = BUILT_PRODUCTS_DIR; };
		DD369F2029A827CB00A96462 /* StocksApp.swift */ = {isa = PBXFileReference; lastKnownFileType = sourcecode.swift; path = StocksApp.swift; sourceTree = "<group>"; };
		DD369F2229A827CB00A96462 /* MainListView.swift */ = {isa = PBXFileReference; lastKnownFileType = sourcecode.swift; path = MainListView.swift; sourceTree = "<group>"; };
		DD369F2429A827CD00A96462 /* Assets.xcassets */ = {isa = PBXFileReference; lastKnownFileType = folder.assetcatalog; path = Assets.xcassets; sourceTree = "<group>"; };
		DD369F2729A827CD00A96462 /* Preview Assets.xcassets */ = {isa = PBXFileReference; lastKnownFileType = folder.assetcatalog; path = "Preview Assets.xcassets"; sourceTree = "<group>"; };
		DD37406029AD64620063CF72 /* TickerListRowView.swift */ = {isa = PBXFileReference; lastKnownFileType = sourcecode.swift; path = TickerListRowView.swift; sourceTree = "<group>"; };
		DD43503E29AC1BB400198EE9 /* TickerListRowData.swift */ = {isa = PBXFileReference; lastKnownFileType = sourcecode.swift; path = TickerListRowData.swift; sourceTree = "<group>"; };
		DDAAB63729BD09EB00AD8539 /* FetchPhase.swift */ = {isa = PBXFileReference; lastKnownFileType = sourcecode.swift; path = FetchPhase.swift; sourceTree = "<group>"; };
		DDAAB63929BD1F5D00AD8539 /* SearchViewModel.swift */ = {isa = PBXFileReference; lastKnownFileType = sourcecode.swift; path = SearchViewModel.swift; sourceTree = "<group>"; };
		DDAAB63B29BD253500AD8539 /* SearchView.swift */ = {isa = PBXFileReference; lastKnownFileType = sourcecode.swift; path = SearchView.swift; sourceTree = "<group>"; };
		DDDD16C729B3E97C00A4E405 /* EmpyStateView.swift */ = {isa = PBXFileReference; lastKnownFileType = sourcecode.swift; path = EmpyStateView.swift; sourceTree = "<group>"; };
		DDDD16C929B3ED7700A4E405 /* ErrorStateView.swift */ = {isa = PBXFileReference; lastKnownFileType = sourcecode.swift; path = ErrorStateView.swift; sourceTree = "<group>"; };
		DDDD16CB29B3F0EF00A4E405 /* LoadingStateView.swift */ = {isa = PBXFileReference; lastKnownFileType = sourcecode.swift; path = LoadingStateView.swift; sourceTree = "<group>"; };
		DDDD16CE29B3F99400A4E405 /* AppViewModel.swift */ = {isa = PBXFileReference; lastKnownFileType = sourcecode.swift; path = AppViewModel.swift; sourceTree = "<group>"; };
		DDDD16D129B3FAC800A4E405 /* Stubs.swift */ = {isa = PBXFileReference; lastKnownFileType = sourcecode.swift; path = Stubs.swift; sourceTree = "<group>"; };
		DDDD16D329B3FE2E00A4E405 /* QuotesViewModel.swift */ = {isa = PBXFileReference; lastKnownFileType = sourcecode.swift; path = QuotesViewModel.swift; sourceTree = "<group>"; };
		DDDD16D529B4023000A4E405 /* Utils.swift */ = {isa = PBXFileReference; lastKnownFileType = sourcecode.swift; path = Utils.swift; sourceTree = "<group>"; };
/* End PBXFileReference section */

/* Begin PBXFrameworksBuildPhase section */
		DD369F1A29A827CB00A96462 /* Frameworks */ = {
			isa = PBXFrameworksBuildPhase;
			buildActionMask = 2147483647;
			files = (
				DD5AF1E329A8319E002A62D4 /* StocksAPI in Frameworks */,
			);
			runOnlyForDeploymentPostprocessing = 0;
		};
/* End PBXFrameworksBuildPhase section */

/* Begin PBXGroup section */
		DD2AE1E129B51E2400928E6D /* Extensions */ = {
			isa = PBXGroup;
			children = (
				DD2AE1E329B51E8D00928E6D /* Quote+Extensions.swift */,
			);
			path = Extensions;
			sourceTree = "<group>";
		};
		DD369F1429A827CB00A96462 = {
			isa = PBXGroup;
			children = (
				DD369F1F29A827CB00A96462 /* Stocks */,
				DD369F1E29A827CB00A96462 /* Products */,
			);
			sourceTree = "<group>";
		};
		DD369F1E29A827CB00A96462 /* Products */ = {
			isa = PBXGroup;
			children = (
				DD369F1D29A827CB00A96462 /* Stocks.app */,
			);
			name = Products;
			sourceTree = "<group>";
		};
		DD369F1F29A827CB00A96462 /* Stocks */ = {
			isa = PBXGroup;
			children = (
				DD369F2029A827CB00A96462 /* StocksApp.swift */,
				DD2AE1E129B51E2400928E6D /* Extensions */,
				DDDD16CD29B3F97B00A4E405 /* View Models */,
				DD37405F29AD64390063CF72 /* Views */,
				DD43503D29AC1B8300198EE9 /* Models */,
				DDDD16D029B3FA3F00A4E405 /* Mocks & Stubs */,
				DD369F2429A827CD00A96462 /* Assets.xcassets */,
				DD369F2629A827CD00A96462 /* Preview Content */,
				DDDD16D529B4023000A4E405 /* Utils.swift */,
			);
			path = Stocks;
			sourceTree = "<group>";
		};
		DD369F2629A827CD00A96462 /* Preview Content */ = {
			isa = PBXGroup;
			children = (
				DD369F2729A827CD00A96462 /* Preview Assets.xcassets */,
			);
			path = "Preview Content";
			sourceTree = "<group>";
		};
		DD37405F29AD64390063CF72 /* Views */ = {
			isa = PBXGroup;
			children = (
				DD369F2229A827CB00A96462 /* MainListView.swift */,
				DD37406029AD64620063CF72 /* TickerListRowView.swift */,
				DDDD16C629B3E96000A4E405 /* Common */,
				DDAAB63B29BD253500AD8539 /* SearchView.swift */,
			);
			path = Views;
			sourceTree = "<group>";
		};
		DD43503D29AC1B8300198EE9 /* Models */ = {
			isa = PBXGroup;
			children = (
				DD43503E29AC1BB400198EE9 /* TickerListRowData.swift */,
				DDAAB63729BD09EB00AD8539 /* FetchPhase.swift */,
			);
			path = Models;
			sourceTree = "<group>";
		};
		DDDD16C629B3E96000A4E405 /* Common */ = {
			isa = PBXGroup;
			children = (
				DDDD16C729B3E97C00A4E405 /* EmpyStateView.swift */,
				DDDD16C929B3ED7700A4E405 /* ErrorStateView.swift */,
				DDDD16CB29B3F0EF00A4E405 /* LoadingStateView.swift */,
			);
			path = Common;
			sourceTree = "<group>";
		};
		DDDD16CD29B3F97B00A4E405 /* View Models */ = {
			isa = PBXGroup;
			children = (
				DDDD16CE29B3F99400A4E405 /* AppViewModel.swift */,
				DDDD16D329B3FE2E00A4E405 /* QuotesViewModel.swift */,
				DDAAB63929BD1F5D00AD8539 /* SearchViewModel.swift */,
			);
			path = "View Models";
			sourceTree = "<group>";
		};
		DDDD16D029B3FA3F00A4E405 /* Mocks & Stubs */ = {
			isa = PBXGroup;
			children = (
				DDDD16D129B3FAC800A4E405 /* Stubs.swift */,
			);
			path = "Mocks & Stubs";
			sourceTree = "<group>";
		};
/* End PBXGroup section */

/* Begin PBXNativeTarget section */
		DD369F1C29A827CB00A96462 /* Stocks */ = {
			isa = PBXNativeTarget;
			buildConfigurationList = DD369F2B29A827CD00A96462 /* Build configuration list for PBXNativeTarget "Stocks" */;
			buildPhases = (
				DD369F1929A827CB00A96462 /* Sources */,
				DD369F1A29A827CB00A96462 /* Frameworks */,
				DD369F1B29A827CB00A96462 /* Resources */,
			);
			buildRules = (
			);
			dependencies = (
			);
			name = Stocks;
			packageProductDependencies = (
				DD5AF1E229A8319E002A62D4 /* StocksAPI */,
			);
			productName = Stocks;
			productReference = DD369F1D29A827CB00A96462 /* Stocks.app */;
			productType = "com.apple.product-type.application";
		};
/* End PBXNativeTarget section */

/* Begin PBXProject section */
		DD369F1529A827CB00A96462 /* Project object */ = {
			isa = PBXProject;
			attributes = {
				BuildIndependentTargetsInParallel = 1;
				LastSwiftUpdateCheck = 1420;
				LastUpgradeCheck = 1420;
				TargetAttributes = {
					DD369F1C29A827CB00A96462 = {
						CreatedOnToolsVersion = 14.2;
					};
				};
			};
			buildConfigurationList = DD369F1829A827CB00A96462 /* Build configuration list for PBXProject "Stocks" */;
			compatibilityVersion = "Xcode 14.0";
			developmentRegion = en;
			hasScannedForEncodings = 0;
			knownRegions = (
				en,
				Base,
			);
			mainGroup = DD369F1429A827CB00A96462;
			packageReferences = (
				DD5AF1E129A8319E002A62D4 /* XCRemoteSwiftPackageReference "stocksAPI" */,
			);
			productRefGroup = DD369F1E29A827CB00A96462 /* Products */;
			projectDirPath = "";
			projectRoot = "";
			targets = (
				DD369F1C29A827CB00A96462 /* Stocks */,
			);
		};
/* End PBXProject section */

/* Begin PBXResourcesBuildPhase section */
		DD369F1B29A827CB00A96462 /* Resources */ = {
			isa = PBXResourcesBuildPhase;
			buildActionMask = 2147483647;
			files = (
				DD369F2829A827CD00A96462 /* Preview Assets.xcassets in Resources */,
				DD369F2529A827CD00A96462 /* Assets.xcassets in Resources */,
			);
			runOnlyForDeploymentPostprocessing = 0;
		};
/* End PBXResourcesBuildPhase section */

/* Begin PBXSourcesBuildPhase section */
		DD369F1929A827CB00A96462 /* Sources */ = {
			isa = PBXSourcesBuildPhase;
			buildActionMask = 2147483647;
			files = (
				DDDD16D229B3FAC800A4E405 /* Stubs.swift in Sources */,
				DDDD16CC29B3F0EF00A4E405 /* LoadingStateView.swift in Sources */,
				DDAAB63829BD09EB00AD8539 /* FetchPhase.swift in Sources */,
				DD369F2329A827CB00A96462 /* MainListView.swift in Sources */,
				DDDD16D429B3FE2E00A4E405 /* QuotesViewModel.swift in Sources */,
				DDDD16CF29B3F99400A4E405 /* AppViewModel.swift in Sources */,
				DDDD16C829B3E97C00A4E405 /* EmpyStateView.swift in Sources */,
				DD369F2129A827CB00A96462 /* StocksApp.swift in Sources */,
				DDAAB63A29BD1F5D00AD8539 /* SearchViewModel.swift in Sources */,
				DDDD16D629B4023000A4E405 /* Utils.swift in Sources */,
				DDAAB63C29BD253500AD8539 /* SearchView.swift in Sources */,
				DDDD16CA29B3ED7700A4E405 /* ErrorStateView.swift in Sources */,
				DD43503F29AC1BB400198EE9 /* TickerListRowData.swift in Sources */,
				DD2AE1E429B51E8D00928E6D /* Quote+Extensions.swift in Sources */,
				DD37406129AD64620063CF72 /* TickerListRowView.swift in Sources */,
			);
			runOnlyForDeploymentPostprocessing = 0;
		};
/* End PBXSourcesBuildPhase section */

/* Begin XCBuildConfiguration section */
		DD369F2929A827CD00A96462 /* Debug */ = {
			isa = XCBuildConfiguration;
			buildSettings = {
				ALWAYS_SEARCH_USER_PATHS = NO;
				CLANG_ANALYZER_NONNULL = YES;
				CLANG_ANALYZER_NUMBER_OBJECT_CONVERSION = YES_AGGRESSIVE;
				CLANG_CXX_LANGUAGE_STANDARD = "gnu++20";
				CLANG_ENABLE_MODULES = YES;
				CLANG_ENABLE_OBJC_ARC = YES;
				CLANG_ENABLE_OBJC_WEAK = YES;
				CLANG_WARN_BLOCK_CAPTURE_AUTORELEASING = YES;
				CLANG_WARN_BOOL_CONVERSION = YES;
				CLANG_WARN_COMMA = YES;
				CLANG_WARN_CONSTANT_CONVERSION = YES;
				CLANG_WARN_DEPRECATED_OBJC_IMPLEMENTATIONS = YES;
				CLANG_WARN_DIRECT_OBJC_ISA_USAGE = YES_ERROR;
				CLANG_WARN_DOCUMENTATION_COMMENTS = YES;
				CLANG_WARN_EMPTY_BODY = YES;
				CLANG_WARN_ENUM_CONVERSION = YES;
				CLANG_WARN_INFINITE_RECURSION = YES;
				CLANG_WARN_INT_CONVERSION = YES;
				CLANG_WARN_NON_LITERAL_NULL_CONVERSION = YES;
				CLANG_WARN_OBJC_IMPLICIT_RETAIN_SELF = YES;
				CLANG_WARN_OBJC_LITERAL_CONVERSION = YES;
				CLANG_WARN_OBJC_ROOT_CLASS = YES_ERROR;
				CLANG_WARN_QUOTED_INCLUDE_IN_FRAMEWORK_HEADER = YES;
				CLANG_WARN_RANGE_LOOP_ANALYSIS = YES;
				CLANG_WARN_STRICT_PROTOTYPES = YES;
				CLANG_WARN_SUSPICIOUS_MOVE = YES;
				CLANG_WARN_UNGUARDED_AVAILABILITY = YES_AGGRESSIVE;
				CLANG_WARN_UNREACHABLE_CODE = YES;
				CLANG_WARN__DUPLICATE_METHOD_MATCH = YES;
				COPY_PHASE_STRIP = NO;
				DEBUG_INFORMATION_FORMAT = dwarf;
				ENABLE_STRICT_OBJC_MSGSEND = YES;
				ENABLE_TESTABILITY = YES;
				GCC_C_LANGUAGE_STANDARD = gnu11;
				GCC_DYNAMIC_NO_PIC = NO;
				GCC_NO_COMMON_BLOCKS = YES;
				GCC_OPTIMIZATION_LEVEL = 0;
				GCC_PREPROCESSOR_DEFINITIONS = (
					"DEBUG=1",
					"$(inherited)",
				);
				GCC_WARN_64_TO_32_BIT_CONVERSION = YES;
				GCC_WARN_ABOUT_RETURN_TYPE = YES_ERROR;
				GCC_WARN_UNDECLARED_SELECTOR = YES;
				GCC_WARN_UNINITIALIZED_AUTOS = YES_AGGRESSIVE;
				GCC_WARN_UNUSED_FUNCTION = YES;
				GCC_WARN_UNUSED_VARIABLE = YES;
				IPHONEOS_DEPLOYMENT_TARGET = 16.2;
				MTL_ENABLE_DEBUG_INFO = INCLUDE_SOURCE;
				MTL_FAST_MATH = YES;
				ONLY_ACTIVE_ARCH = YES;
				SDKROOT = iphoneos;
				SWIFT_ACTIVE_COMPILATION_CONDITIONS = DEBUG;
				SWIFT_OPTIMIZATION_LEVEL = "-Onone";
			};
			name = Debug;
		};
		DD369F2A29A827CD00A96462 /* Release */ = {
			isa = XCBuildConfiguration;
			buildSettings = {
				ALWAYS_SEARCH_USER_PATHS = NO;
				CLANG_ANALYZER_NONNULL = YES;
				CLANG_ANALYZER_NUMBER_OBJECT_CONVERSION = YES_AGGRESSIVE;
				CLANG_CXX_LANGUAGE_STANDARD = "gnu++20";
				CLANG_ENABLE_MODULES = YES;
				CLANG_ENABLE_OBJC_ARC = YES;
				CLANG_ENABLE_OBJC_WEAK = YES;
				CLANG_WARN_BLOCK_CAPTURE_AUTORELEASING = YES;
				CLANG_WARN_BOOL_CONVERSION = YES;
				CLANG_WARN_COMMA = YES;
				CLANG_WARN_CONSTANT_CONVERSION = YES;
				CLANG_WARN_DEPRECATED_OBJC_IMPLEMENTATIONS = YES;
				CLANG_WARN_DIRECT_OBJC_ISA_USAGE = YES_ERROR;
				CLANG_WARN_DOCUMENTATION_COMMENTS = YES;
				CLANG_WARN_EMPTY_BODY = YES;
				CLANG_WARN_ENUM_CONVERSION = YES;
				CLANG_WARN_INFINITE_RECURSION = YES;
				CLANG_WARN_INT_CONVERSION = YES;
				CLANG_WARN_NON_LITERAL_NULL_CONVERSION = YES;
				CLANG_WARN_OBJC_IMPLICIT_RETAIN_SELF = YES;
				CLANG_WARN_OBJC_LITERAL_CONVERSION = YES;
				CLANG_WARN_OBJC_ROOT_CLASS = YES_ERROR;
				CLANG_WARN_QUOTED_INCLUDE_IN_FRAMEWORK_HEADER = YES;
				CLANG_WARN_RANGE_LOOP_ANALYSIS = YES;
				CLANG_WARN_STRICT_PROTOTYPES = YES;
				CLANG_WARN_SUSPICIOUS_MOVE = YES;
				CLANG_WARN_UNGUARDED_AVAILABILITY = YES_AGGRESSIVE;
				CLANG_WARN_UNREACHABLE_CODE = YES;
				CLANG_WARN__DUPLICATE_METHOD_MATCH = YES;
				COPY_PHASE_STRIP = NO;
				DEBUG_INFORMATION_FORMAT = "dwarf-with-dsym";
				ENABLE_NS_ASSERTIONS = NO;
				ENABLE_STRICT_OBJC_MSGSEND = YES;
				GCC_C_LANGUAGE_STANDARD = gnu11;
				GCC_NO_COMMON_BLOCKS = YES;
				GCC_WARN_64_TO_32_BIT_CONVERSION = YES;
				GCC_WARN_ABOUT_RETURN_TYPE = YES_ERROR;
				GCC_WARN_UNDECLARED_SELECTOR = YES;
				GCC_WARN_UNINITIALIZED_AUTOS = YES_AGGRESSIVE;
				GCC_WARN_UNUSED_FUNCTION = YES;
				GCC_WARN_UNUSED_VARIABLE = YES;
				IPHONEOS_DEPLOYMENT_TARGET = 16.2;
				MTL_ENABLE_DEBUG_INFO = NO;
				MTL_FAST_MATH = YES;
				SDKROOT = iphoneos;
				SWIFT_COMPILATION_MODE = wholemodule;
				SWIFT_OPTIMIZATION_LEVEL = "-O";
				VALIDATE_PRODUCT = YES;
			};
			name = Release;
		};
		DD369F2C29A827CD00A96462 /* Debug */ = {
			isa = XCBuildConfiguration;
			buildSettings = {
				ASSETCATALOG_COMPILER_APPICON_NAME = AppIcon;
				ASSETCATALOG_COMPILER_GLOBAL_ACCENT_COLOR_NAME = AccentColor;
				CODE_SIGN_STYLE = Automatic;
				CURRENT_PROJECT_VERSION = 1;
				DEVELOPMENT_ASSET_PATHS = "\"Stocks/Preview Content\"";
				DEVELOPMENT_TEAM = C4XSSD23UD;
				ENABLE_PREVIEWS = YES;
				GENERATE_INFOPLIST_FILE = YES;
				INFOPLIST_KEY_UIApplicationSceneManifest_Generation = YES;
				INFOPLIST_KEY_UIApplicationSupportsIndirectInputEvents = YES;
				INFOPLIST_KEY_UILaunchScreen_Generation = YES;
				INFOPLIST_KEY_UISupportedInterfaceOrientations_iPad = "UIInterfaceOrientationPortrait UIInterfaceOrientationPortraitUpsideDown UIInterfaceOrientationLandscapeLeft UIInterfaceOrientationLandscapeRight";
				INFOPLIST_KEY_UISupportedInterfaceOrientations_iPhone = "UIInterfaceOrientationPortrait UIInterfaceOrientationLandscapeLeft UIInterfaceOrientationLandscapeRight";
				LD_RUNPATH_SEARCH_PATHS = (
					"$(inherited)",
					"@executable_path/Frameworks",
				);
				MARKETING_VERSION = 1.0;
				PRODUCT_BUNDLE_IDENTIFIER = com.federicoLupotti.Stocks;
				PRODUCT_NAME = "$(TARGET_NAME)";
				SWIFT_EMIT_LOC_STRINGS = YES;
				SWIFT_VERSION = 5.0;
				TARGETED_DEVICE_FAMILY = "1,2";
			};
			name = Debug;
		};
		DD369F2D29A827CD00A96462 /* Release */ = {
			isa = XCBuildConfiguration;
			buildSettings = {
				ASSETCATALOG_COMPILER_APPICON_NAME = AppIcon;
				ASSETCATALOG_COMPILER_GLOBAL_ACCENT_COLOR_NAME = AccentColor;
				CODE_SIGN_STYLE = Automatic;
				CURRENT_PROJECT_VERSION = 1;
				DEVELOPMENT_ASSET_PATHS = "\"Stocks/Preview Content\"";
				DEVELOPMENT_TEAM = C4XSSD23UD;
				ENABLE_PREVIEWS = YES;
				GENERATE_INFOPLIST_FILE = YES;
				INFOPLIST_KEY_UIApplicationSceneManifest_Generation = YES;
				INFOPLIST_KEY_UIApplicationSupportsIndirectInputEvents = YES;
				INFOPLIST_KEY_UILaunchScreen_Generation = YES;
				INFOPLIST_KEY_UISupportedInterfaceOrientations_iPad = "UIInterfaceOrientationPortrait UIInterfaceOrientationPortraitUpsideDown UIInterfaceOrientationLandscapeLeft UIInterfaceOrientationLandscapeRight";
				INFOPLIST_KEY_UISupportedInterfaceOrientations_iPhone = "UIInterfaceOrientationPortrait UIInterfaceOrientationLandscapeLeft UIInterfaceOrientationLandscapeRight";
				LD_RUNPATH_SEARCH_PATHS = (
					"$(inherited)",
					"@executable_path/Frameworks",
				);
				MARKETING_VERSION = 1.0;
				PRODUCT_BUNDLE_IDENTIFIER = com.federicoLupotti.Stocks;
				PRODUCT_NAME = "$(TARGET_NAME)";
				SWIFT_EMIT_LOC_STRINGS = YES;
				SWIFT_VERSION = 5.0;
				TARGETED_DEVICE_FAMILY = "1,2";
			};
			name = Release;
		};
/* End XCBuildConfiguration section */

/* Begin XCConfigurationList section */
		DD369F1829A827CB00A96462 /* Build configuration list for PBXProject "Stocks" */ = {
			isa = XCConfigurationList;
			buildConfigurations = (
				DD369F2929A827CD00A96462 /* Debug */,
				DD369F2A29A827CD00A96462 /* Release */,
			);
			defaultConfigurationIsVisible = 0;
			defaultConfigurationName = Release;
		};
		DD369F2B29A827CD00A96462 /* Build configuration list for PBXNativeTarget "Stocks" */ = {
			isa = XCConfigurationList;
			buildConfigurations = (
				DD369F2C29A827CD00A96462 /* Debug */,
				DD369F2D29A827CD00A96462 /* Release */,
			);
			defaultConfigurationIsVisible = 0;
			defaultConfigurationName = Release;
		};
/* End XCConfigurationList section */

/* Begin XCRemoteSwiftPackageReference section */
		DD5AF1E129A8319E002A62D4 /* XCRemoteSwiftPackageReference "stocksAPI" */ = {
			isa = XCRemoteSwiftPackageReference;
			repositoryURL = "https://github.com/fedelupotti/stocksAPI.git";
			requirement = {
				branch = main;
				kind = branch;
			};
		};
/* End XCRemoteSwiftPackageReference section */

/* Begin XCSwiftPackageProductDependency section */
		DD5AF1E229A8319E002A62D4 /* StocksAPI */ = {
			isa = XCSwiftPackageProductDependency;
			package = DD5AF1E129A8319E002A62D4 /* XCRemoteSwiftPackageReference "stocksAPI" */;
			productName = StocksAPI;
		};
/* End XCSwiftPackageProductDependency section */
	};
	rootObject = DD369F1529A827CB00A96462 /* Project object */;
}
